
Microsoft Visual Studio Solution File, Format Version 12.00
# Visual Studio Version 17
VisualStudioVersion = 17.9.34723.18
MinimumVisualStudioVersion = 10.0.40219.1
Project("{FAE04EC0-301F-11D3-BF4B-00C04F79EFBC}") = "StrategyDesignPattern", "StrategyDesignPattern\StrategyDesignPattern.csproj", "{D3B5BB7F-6512-420D-A237-C83DE290D6FA}"
EndProject
Project("{FAE04EC0-301F-11D3-BF4B-00C04F79EFBC}") = "SingletonDesignPattern", "SingletonDesignPattern\SingletonDesignPattern.csproj", "{ED3AB37C-CE21-42CA-9958-A7B7585C5317}"
EndProject
Project("{FAE04EC0-301F-11D3-BF4B-00C04F79EFBC}") = "ObserverDesignpattern", "ObserverDesignpattern\ObserverDesignpattern.csproj", "{D36A5BDF-FE3D-440D-A322-A7EDF013E4B3}"
EndProject
Project("{2150E333-8FDC-42A3-9474-1A3956D46DE8}") = "DeoratorDesignPattern", "DeoratorDesignPattern", "{2B861906-D22F-4E40-81F4-0424873241A1}"
EndProject
Project("{FAE04EC0-301F-11D3-BF4B-00C04F79EFBC}") = "Pizza", "Pizza\Pizza.csproj", "{CDF7D64A-ECEB-4484-8F6F-182201464A0C}"
EndProject
Global
	GlobalSection(SolutionConfigurationPlatforms) = preSolution
		Debug|Any CPU = Debug|Any CPU
		Release|Any CPU = Release|Any CPU
	EndGlobalSection
	GlobalSection(ProjectConfigurationPlatforms) = postSolution
		{D3B5BB7F-6512-420D-A237-C83DE290D6FA}.Debug|Any CPU.ActiveCfg = Debug|Any CPU
		{D3B5BB7F-6512-420D-A237-C83DE290D6FA}.Debug|Any CPU.Build.0 = Debug|Any CPU
		{D3B5BB7F-6512-420D-A237-C83DE290D6FA}.Release|Any CPU.ActiveCfg = Release|Any CPU
		{D3B5BB7F-6512-420D-A237-C83DE290D6FA}.Release|Any CPU.Build.0 = Release|Any CPU
		{ED3AB37C-CE21-42CA-9958-A7B7585C5317}.Debug|Any CPU.ActiveCfg = Debug|Any CPU
		{ED3AB37C-CE21-42CA-9958-A7B7585C5317}.Debug|Any CPU.Build.0 = Debug|Any CPU
		{ED3AB37C-CE21-42CA-9958-A7B7585C5317}.Release|Any CPU.ActiveCfg = Release|Any CPU
		{ED3AB37C-CE21-42CA-9958-A7B7585C5317}.Release|Any CPU.Build.0 = Release|Any CPU
		{D36A5BDF-FE3D-440D-A322-A7EDF013E4B3}.Debug|Any CPU.ActiveCfg = Debug|Any CPU
		{D36A5BDF-FE3D-440D-A322-A7EDF013E4B3}.Debug|Any CPU.Build.0 = Debug|Any CPU
		{D36A5BDF-FE3D-440D-A322-A7EDF013E4B3}.Release|Any CPU.ActiveCfg = Release|Any CPU
		{D36A5BDF-FE3D-440D-A322-A7EDF013E4B3}.Release|Any CPU.Build.0 = Release|Any CPU
		{CDF7D64A-ECEB-4484-8F6F-182201464A0C}.Debug|Any CPU.ActiveCfg = Debug|Any CPU
		{CDF7D64A-ECEB-4484-8F6F-182201464A0C}.Debug|Any CPU.Build.0 = Debug|Any CPU
		{CDF7D64A-ECEB-4484-8F6F-182201464A0C}.Release|Any CPU.ActiveCfg = Release|Any CPU
		{CDF7D64A-ECEB-4484-8F6F-182201464A0C}.Release|Any CPU.Build.0 = Release|Any CPU
	EndGlobalSection
	GlobalSection(SolutionProperties) = preSolution
		HideSolutionNode = FALSE
	EndGlobalSection
	GlobalSection(NestedProjects) = preSolution
		{CDF7D64A-ECEB-4484-8F6F-182201464A0C} = {2B861906-D22F-4E40-81F4-0424873241A1}
	EndGlobalSection
	GlobalSection(ExtensibilityGlobals) = postSolution
		SolutionGuid = {D194529F-07F3-4DDD-B46A-6FC89DB286FC}
	EndGlobalSection
EndGlobal
